
Microsoft Visual Studio Solution File, Format Version 12.00
# Visual Studio Version 17
VisualStudioVersion = 17.14.36511.14 d17.14
MinimumVisualStudioVersion = 10.0.40219.1
Project("{8BC9CEB8-8B4A-11D0-8D11-00A0C91BC942}") = "KP", "KP\KP.vcxproj", "{B24ED01F-60F0-4AD8-9831-BAF312AD4913}"
EndProject
Global
	GlobalSection(SolutionConfigurationPlatforms) = preSolution
		Debug|x64 = Debug|x64
		Debug|x86 = Debug|x86
		Release|x64 = Release|x64
		Release|x86 = Release|x86
	EndGlobalSection
	GlobalSection(ProjectConfigurationPlatforms) = postSolution
		{B24ED01F-60F0-4AD8-9831-BAF312AD4913}.Debug|x64.ActiveCfg = Debug|x64
		{B24ED01F-60F0-4AD8-9831-BAF312AD4913}.Debug|x64.Build.0 = Debug|x64
		{B24ED01F-60F0-4AD8-9831-BAF312AD4913}.Debug|x86.ActiveCfg = Debug|Win32
		{B24ED01F-60F0-4AD8-9831-BAF312AD4913}.Debug|x86.Build.0 = Debug|Win32
		{B24ED01F-60F0-4AD8-9831-BAF312AD4913}.Release|x64.ActiveCfg = Release|x64
		{B24ED01F-60F0-4AD8-9831-BAF312AD4913}.Release|x64.Build.0 = Release|x64
		{B24ED01F-60F0-4AD8-9831-BAF312AD4913}.Release|x86.ActiveCfg = Release|Win32
		{B24ED01F-60F0-4AD8-9831-BAF312AD4913}.Release|x86.Build.0 = Release|Win32
	EndGlobalSection
	GlobalSection(SolutionProperties) = preSolution
		HideSolutionNode = FALSE
	EndGlobalSection
	GlobalSection(ExtensibilityGlobals) = postSolution
		SolutionGuid = {73A28968-D4D6-4507-9DFD-A29023C7F0D9}
	EndGlobalSection
EndGlobal
